// !$*UTF8*$!
{
	archiveVersion = 1;
	classes = {
	};
	objectVersion = 46;
	objects = {

/* Begin PBXBuildFile section */
		F9C036D01A686D0D0091FBD7 /* main.m in Sources */ = {isa = PBXBuildFile; fileRef = F9C036CF1A686D0D0091FBD7 /* main.m */; };
		F9C036D31A686D0D0091FBD7 /* AppDelegate.m in Sources */ = {isa = PBXBuildFile; fileRef = F9C036D21A686D0D0091FBD7 /* AppDelegate.m */; };
		F9C036D61A686D0D0091FBD7 /* ViewController.m in Sources */ = {isa = PBXBuildFile; fileRef = F9C036D51A686D0D0091FBD7 /* ViewController.m */; };
		F9C036D91A686D0D0091FBD7 /* Main.storyboard in Resources */ = {isa = PBXBuildFile; fileRef = F9C036D71A686D0D0091FBD7 /* Main.storyboard */; };
		F9C036DB1A686D0D0091FBD7 /* Images.xcassets in Resources */ = {isa = PBXBuildFile; fileRef = F9C036DA1A686D0D0091FBD7 /* Images.xcassets */; };
		F9C036DE1A686D0D0091FBD7 /* LaunchScreen.xib in Resources */ = {isa = PBXBuildFile; fileRef = F9C036DC1A686D0D0091FBD7 /* LaunchScreen.xib */; };
		F9C036EA1A686D0D0091FBD7 /* LionsAndTigers4Tests.m in Sources */ = {isa = PBXBuildFile; fileRef = F9C036E91A686D0D0091FBD7 /* LionsAndTigers4Tests.m */; };
/* End PBXBuildFile section */

/* Begin PBXContainerItemProxy section */
		F9C036E41A686D0D0091FBD7 /* PBXContainerItemProxy */ = {
			isa = PBXContainerItemProxy;
			containerPortal = F9C036C21A686D0D0091FBD7 /* Project object */;
			proxyType = 1;
			remoteGlobalIDString = F9C036C91A686D0D0091FBD7;
			remoteInfo = LionsAndTigers4;
		};
/* End PBXContainerItemProxy section */

/* Begin PBXFileReference section */
		F9C036CA1A686D0D0091FBD7 /* LionsAndTigers4.app */ = {isa = PBXFileReference; explicitFileType = wrapper.application; includeInIndex = 0; path = LionsAndTigers4.app; sourceTree = BUILT_PRODUCTS_DIR; };
		F9C036CE1A686D0D0091FBD7 /* Info.plist */ = {isa = PBXFileReference; lastKnownFileType = text.plist.xml; path = Info.plist; sourceTree = "<group>"; };
		F9C036CF1A686D0D0091FBD7 /* main.m */ = {isa = PBXFileReference; lastKnownFileType = sourcecode.c.objc; path = main.m; sourceTree = "<group>"; };
		F9C036D11A686D0D0091FBD7 /* AppDelegate.h */ = {isa = PBXFileReference; lastKnownFileType = sourcecode.c.h; path = AppDelegate.h; sourceTree = "<group>"; };
		F9C036D21A686D0D0091FBD7 /* AppDelegate.m */ = {isa = PBXFileReference; lastKnownFileType = sourcecode.c.objc; path = AppDelegate.m; sourceTree = "<group>"; };
		F9C036D41A686D0D0091FBD7 /* ViewController.h */ = {isa = PBXFileReference; lastKnownFileType = sourcecode.c.h; path = ViewController.h; sourceTree = "<group>"; };
		F9C036D51A686D0D0091FBD7 /* ViewController.m */ = {isa = PBXFileReference; lastKnownFileType = sourcecode.c.objc; path = ViewController.m; sourceTree = "<group>"; };
		F9C036D81A686D0D0091FBD7 /* Base */ = {isa = PBXFileReference; lastKnownFileType = file.storyboard; name = Base; path = Base.lproj/Main.storyboard; sourceTree = "<group>"; };
		F9C036DA1A686D0D0091FBD7 /* Images.xcassets */ = {isa = PBXFileReference; lastKnownFileType = folder.assetcatalog; path = Images.xcassets; sourceTree = "<group>"; };
		F9C036DD1A686D0D0091FBD7 /* Base */ = {isa = PBXFileReference; lastKnownFileType = file.xib; name = Base; path = Base.lproj/LaunchScreen.xib; sourceTree = "<group>"; };
		F9C036E31A686D0D0091FBD7 /* LionsAndTigers4Tests.xctest */ = {isa = PBXFileReference; explicitFileType = wrapper.cfbundle; includeInIndex = 0; path = LionsAndTigers4Tests.xctest; sourceTree = BUILT_PRODUCTS_DIR; };
		F9C036E81A686D0D0091FBD7 /* Info.plist */ = {isa = PBXFileReference; lastKnownFileType = text.plist.xml; path = Info.plist; sourceTree = "<group>"; };
		F9C036E91A686D0D0091FBD7 /* LionsAndTigers4Tests.m */ = {isa = PBXFileReference; lastKnownFileType = sourcecode.c.objc; path = LionsAndTigers4Tests.m; sourceTree = "<group>"; };
/* End PBXFileReference section */

/* Begin PBXFrameworksBuildPhase section */
		F9C036C71A686D0D0091FBD7 /* Frameworks */ = {
			isa = PBXFrameworksBuildPhase;
			buildActionMask = 2147483647;
			files = (
			);
			runOnlyForDeploymentPostprocessing = 0;
		};
		F9C036E01A686D0D0091FBD7 /* Frameworks */ = {
			isa = PBXFrameworksBuildPhase;
			buildActionMask = 2147483647;
			files = (
			);
			runOnlyForDeploymentPostprocessing = 0;
		};
/* End PBXFrameworksBuildPhase section */

/* Begin PBXGroup section */
		F9C036C11A686D0D0091FBD7 = {
			isa = PBXGroup;
			children = (
				F9C036CC1A686D0D0091FBD7 /* LionsAndTigers4 */,
				F9C036E61A686D0D0091FBD7 /* LionsAndTigers4Tests */,
				F9C036CB1A686D0D0091FBD7 /* Products */,
			);
			sourceTree = "<group>";
		};
		F9C036CB1A686D0D0091FBD7 /* Products */ = {
			isa = PBXGroup;
			children = (
				F9C036CA1A686D0D0091FBD7 /* LionsAndTigers4.app */,
				F9C036E31A686D0D0091FBD7 /* LionsAndTigers4Tests.xctest */,
			);
			name = Products;
			sourceTree = "<group>";
		};
		F9C036CC1A686D0D0091FBD7 /* LionsAndTigers4 */ = {
			isa = PBXGroup;
			children = (
				F9C036D11A686D0D0091FBD7 /* AppDelegate.h */,
				F9C036D21A686D0D0091FBD7 /* AppDelegate.m */,
				F9C036D41A686D0D0091FBD7 /* ViewController.h */,
				F9C036D51A686D0D0091FBD7 /* ViewController.m */,
				F9C036D71A686D0D0091FBD7 /* Main.storyboard */,
				F9C036DA1A686D0D0091FBD7 /* Images.xcassets */,
				F9C036DC1A686D0D0091FBD7 /* LaunchScreen.xib */,
				F9C036CD1A686D0D0091FBD7 /* Supporting Files */,
			);
			path = LionsAndTigers4;
			sourceTree = "<group>";
		};
		F9C036CD1A686D0D0091FBD7 /* Supporting Files */ = {
			isa = PBXGroup;
			children = (
				F9C036CE1A686D0D0091FBD7 /* Info.plist */,
				F9C036CF1A686D0D0091FBD7 /* main.m */,
			);
			name = "Supporting Files";
			sourceTree = "<group>";
		};
		F9C036E61A686D0D0091FBD7 /* LionsAndTigers4Tests */ = {
			isa = PBXGroup;
			children = (
				F9C036E91A686D0D0091FBD7 /* LionsAndTigers4Tests.m */,
				F9C036E71A686D0D0091FBD7 /* Supporting Files */,
			);
			path = LionsAndTigers4Tests;
			sourceTree = "<group>";
		};
		F9C036E71A686D0D0091FBD7 /* Supporting Files */ = {
			isa = PBXGroup;
			children = (
				F9C036E81A686D0D0091FBD7 /* Info.plist */,
			);
			name = "Supporting Files";
			sourceTree = "<group>";
		};
/* End PBXGroup section */

/* Begin PBXNativeTarget section */
		F9C036C91A686D0D0091FBD7 /* LionsAndTigers4 */ = {
			isa = PBXNativeTarget;
			buildConfigurationList = F9C036ED1A686D0D0091FBD7 /* Build configuration list for PBXNativeTarget "LionsAndTigers4" */;
			buildPhases = (
				F9C036C61A686D0D0091FBD7 /* Sources */,
				F9C036C71A686D0D0091FBD7 /* Frameworks */,
				F9C036C81A686D0D0091FBD7 /* Resources */,
			);
			buildRules = (
			);
			dependencies = (
			);
			name = LionsAndTigers4;
			productName = LionsAndTigers4;
			productReference = F9C036CA1A686D0D0091FBD7 /* LionsAndTigers4.app */;
			productType = "com.apple.product-type.application";
		};
		F9C036E21A686D0D0091FBD7 /* LionsAndTigers4Tests */ = {
			isa = PBXNativeTarget;
			buildConfigurationList = F9C036F01A686D0D0091FBD7 /* Build configuration list for PBXNativeTarget "LionsAndTigers4Tests" */;
			buildPhases = (
				F9C036DF1A686D0D0091FBD7 /* Sources */,
				F9C036E01A686D0D0091FBD7 /* Frameworks */,
				F9C036E11A686D0D0091FBD7 /* Resources */,
			);
			buildRules = (
			);
			dependencies = (
				F9C036E51A686D0D0091FBD7 /* PBXTargetDependency */,
			);
			name = LionsAndTigers4Tests;
			productName = LionsAndTigers4Tests;
			productReference = F9C036E31A686D0D0091FBD7 /* LionsAndTigers4Tests.xctest */;
			productType = "com.apple.product-type.bundle.unit-test";
		};
/* End PBXNativeTarget section */

/* Begin PBXProject section */
		F9C036C21A686D0D0091FBD7 /* Project object */ = {
			isa = PBXProject;
			attributes = {
				LastUpgradeCheck = 0610;
				ORGANIZATIONNAME = MobileMakers;
				TargetAttributes = {
					F9C036C91A686D0D0091FBD7 = {
						CreatedOnToolsVersion = 6.1.1;
					};
					F9C036E21A686D0D0091FBD7 = {
						CreatedOnToolsVersion = 6.1.1;
						TestTargetID = F9C036C91A686D0D0091FBD7;
					};
				};
			};
			buildConfigurationList = F9C036C51A686D0D0091FBD7 /* Build configuration list for PBXProject "LionsAndTigers4" */;
			compatibilityVersion = "Xcode 3.2";
			developmentRegion = English;
			hasScannedForEncodings = 0;
			knownRegions = (
				en,
				Base,
			);
			mainGroup = F9C036C11A686D0D0091FBD7;
			productRefGroup = F9C036CB1A686D0D0091FBD7 /* Products */;
			projectDirPath = "";
			projectRoot = "";
			targets = (
				F9C036C91A686D0D0091FBD7 /* LionsAndTigers4 */,
				F9C036E21A686D0D0091FBD7 /* LionsAndTigers4Tests */,
			);
		};
/* End PBXProject section */

/* Begin PBXResourcesBuildPhase section */
		F9C036C81A686D0D0091FBD7 /* Resources */ = {
			isa = PBXResourcesBuildPhase;
			buildActionMask = 2147483647;
			files = (
				F9C036D91A686D0D0091FBD7 /* Main.storyboard in Resources */,
				F9C036DE1A686D0D0091FBD7 /* LaunchScreen.xib in Resources */,
				F9C036DB1A686D0D0091FBD7 /* Images.xcassets in Resources */,
			);
			runOnlyForDeploymentPostprocessing = 0;
		};
		F9C036E11A686D0D0091FBD7 /* Resources */ = {
			isa = PBXResourcesBuildPhase;
			buildActionMask = 2147483647;
			files = (
			);
			runOnlyForDeploymentPostprocessing = 0;
		};
/* End PBXResourcesBuildPhase section */

/* Begin PBXSourcesBuildPhase section */
		F9C036C61A686D0D0091FBD7 /* Sources */ = {
			isa = PBXSourcesBuildPhase;
			buildActionMask = 2147483647;
			files = (
				F9C036D61A686D0D0091FBD7 /* ViewController.m in Sources */,
				F9C036D31A686D0D0091FBD7 /* AppDelegate.m in Sources */,
				F9C036D01A686D0D0091FBD7 /* main.m in Sources */,
			);
			runOnlyForDeploymentPostprocessing = 0;
		};
		F9C036DF1A686D0D0091FBD7 /* Sources */ = {
			isa = PBXSourcesBuildPhase;
			buildActionMask = 2147483647;
			files = (
				F9C036EA1A686D0D0091FBD7 /* LionsAndTigers4Tests.m in Sources */,
			);
			runOnlyForDeploymentPostprocessing = 0;
		};
/* End PBXSourcesBuildPhase section */

/* Begin PBXTargetDependency section */
		F9C036E51A686D0D0091FBD7 /* PBXTargetDependency */ = {
			isa = PBXTargetDependency;
			target = F9C036C91A686D0D0091FBD7 /* LionsAndTigers4 */;
			targetProxy = F9C036E41A686D0D0091FBD7 /* PBXContainerItemProxy */;
		};
/* End PBXTargetDependency section */

/* Begin PBXVariantGroup section */
		F9C036D71A686D0D0091FBD7 /* Main.storyboard */ = {
			isa = PBXVariantGroup;
			children = (
				F9C036D81A686D0D0091FBD7 /* Base */,
			);
			name = Main.storyboard;
			sourceTree = "<group>";
		};
		F9C036DC1A686D0D0091FBD7 /* LaunchScreen.xib */ = {
			isa = PBXVariantGroup;
			children = (
				F9C036DD1A686D0D0091FBD7 /* Base */,
			);
			name = LaunchScreen.xib;
			sourceTree = "<group>";
		};
/* End PBXVariantGroup section */

/* Begin XCBuildConfiguration section */
		F9C036EB1A686D0D0091FBD7 /* Debug */ = {
			isa = XCBuildConfiguration;
			buildSettings = {
				ALWAYS_SEARCH_USER_PATHS = NO;
				CLANG_CXX_LANGUAGE_STANDARD = "gnu++0x";
				CLANG_CXX_LIBRARY = "libc++";
				CLANG_ENABLE_MODULES = YES;
				CLANG_ENABLE_OBJC_ARC = YES;
				CLANG_WARN_BOOL_CONVERSION = YES;
				CLANG_WARN_CONSTANT_CONVERSION = YES;
				CLANG_WARN_DIRECT_OBJC_ISA_USAGE = YES_ERROR;
				CLANG_WARN_EMPTY_BODY = YES;
				CLANG_WARN_ENUM_CONVERSION = YES;
				CLANG_WARN_INT_CONVERSION = YES;
				CLANG_WARN_OBJC_ROOT_CLASS = YES_ERROR;
				CLANG_WARN_UNREACHABLE_CODE = YES;
				CLANG_WARN__DUPLICATE_METHOD_MATCH = YES;
				"CODE_SIGN_IDENTITY[sdk=iphoneos*]" = "iPhone Developer";
				COPY_PHASE_STRIP = NO;
				ENABLE_STRICT_OBJC_MSGSEND = YES;
				GCC_C_LANGUAGE_STANDARD = gnu99;
				GCC_DYNAMIC_NO_PIC = NO;
				GCC_OPTIMIZATION_LEVEL = 0;
				GCC_PREPROCESSOR_DEFINITIONS = (
					"DEBUG=1",
					"$(inherited)",
				);
				GCC_SYMBOLS_PRIVATE_EXTERN = NO;
				GCC_WARN_64_TO_32_BIT_CONVERSION = YES;
				GCC_WARN_ABOUT_RETURN_TYPE = YES_ERROR;
				GCC_WARN_UNDECLARED_SELECTOR = YES;
				GCC_WARN_UNINITIALIZED_AUTOS = YES_AGGRESSIVE;
				GCC_WARN_UNUSED_FUNCTION = YES;
				GCC_WARN_UNUSED_VARIABLE = YES;
				IPHONEOS_DEPLOYMENT_TARGET = 8.1;
				MTL_ENABLE_DEBUG_INFO = YES;
				ONLY_ACTIVE_ARCH = YES;
				SDKROOT = iphoneos;
			};
			name = Debug;
		};
		F9C036EC1A686D0D0091FBD7 /* Release */ = {
			isa = XCBuildConfiguration;
			buildSettings = {
				ALWAYS_SEARCH_USER_PATHS = NO;
				CLANG_CXX_LANGUAGE_STANDARD = "gnu++0x";
				CLANG_CXX_LIBRARY = "libc++";
				CLANG_ENABLE_MODULES = YES;
				CLANG_ENABLE_OBJC_ARC = YES;
				CLANG_WARN_BOOL_CONVERSION = YES;
				CLANG_WARN_CONSTANT_CONVERSION = YES;
				CLANG_WARN_DIRECT_OBJC_ISA_USAGE = YES_ERROR;
				CLANG_WARN_EMPTY_BODY = YES;
				CLANG_WARN_ENUM_CONVERSION = YES;
				CLANG_WARN_INT_CONVERSION = YES;
				CLANG_WARN_OBJC_ROOT_CLASS = YES_ERROR;
				CLANG_WARN_UNREACHABLE_CODE = YES;
				CLANG_WARN__DUPLICATE_METHOD_MATCH = YES;
				"CODE_SIGN_IDENTITY[sdk=iphoneos*]" = "iPhone Developer";
				COPY_PHASE_STRIP = YES;
				ENABLE_NS_ASSERTIONS = NO;
				ENABLE_STRICT_OBJC_MSGSEND = YES;
				GCC_C_LANGUAGE_STANDARD = gnu99;
				GCC_WARN_64_TO_32_BIT_CONVERSION = YES;
				GCC_WARN_ABOUT_RETURN_TYPE = YES_ERROR;
				GCC_WARN_UNDECLARED_SELECTOR = YES;
				GCC_WARN_UNINITIALIZED_AUTOS = YES_AGGRESSIVE;
				GCC_WARN_UNUSED_FUNCTION = YES;
				GCC_WARN_UNUSED_VARIABLE = YES;
				IPHONEOS_DEPLOYMENT_TARGET = 8.1;
				MTL_ENABLE_DEBUG_INFO = NO;
				SDKROOT = iphoneos;
				VALIDATE_PRODUCT = YES;
			};
			name = Release;
		};
		F9C036EE1A686D0D0091FBD7 /* Debug */ = {
			isa = XCBuildConfiguration;
			buildSettings = {
				ASSETCATALOG_COMPILER_APPICON_NAME = AppIcon;
				INFOPLIST_FILE = LionsAndTigers4/Info.plist;
				LD_RUNPATH_SEARCH_PATHS = "$(inherited) @executable_path/Frameworks";
				PRODUCT_NAME = "$(TARGET_NAME)";
			};
			name = Debug;
		};
		F9C036EF1A686D0D0091FBD7 /* Release */ = {
			isa = XCBuildConfiguration;
			buildSettings = {
				ASSETCATALOG_COMPILER_APPICON_NAME = AppIcon;
				INFOPLIST_FILE = LionsAndTigers4/Info.plist;
				LD_RUNPATH_SEARCH_PATHS = "$(inherited) @executable_path/Frameworks";
				PRODUCT_NAME = "$(TARGET_NAME)";
			};
			name = Release;
		};
		F9C036F11A686D0D0091FBD7 /* Debug */ = {
			isa = XCBuildConfiguration;
			buildSettings = {
				BUNDLE_LOADER = "$(TEST_HOST)";
				FRAMEWORK_SEARCH_PATHS = (
					"$(SDKROOT)/Developer/Library/Frameworks",
					"$(inherited)",
				);
				GCC_PREPROCESSOR_DEFINITIONS = (
					"DEBUG=1",
					"$(inherited)",
				);
				INFOPLIST_FILE = LionsAndTigers4Tests/Info.plist;
				LD_RUNPATH_SEARCH_PATHS = "$(inherited) @executable_path/Frameworks @loader_path/Frameworks";
				PRODUCT_NAME = "$(TARGET_NAME)";
				TEST_HOST = "$(BUILT_PRODUCTS_DIR)/LionsAndTigers4.app/LionsAndTigers4";
			};
			name = Debug;
		};
		F9C036F21A686D0D0091FBD7 /* Release */ = {
			isa = XCBuildConfiguration;
			buildSettings = {
				BUNDLE_LOADER = "$(TEST_HOST)";
				FRAMEWORK_SEARCH_PATHS = (
					"$(SDKROOT)/Developer/Library/Frameworks",
					"$(inherited)",
				);
				INFOPLIST_FILE = LionsAndTigers4Tests/Info.plist;
				LD_RUNPATH_SEARCH_PATHS = "$(inherited) @executable_path/Frameworks @loader_path/Frameworks";
				PRODUCT_NAME = "$(TARGET_NAME)";
				TEST_HOST = "$(BUILT_PRODUCTS_DIR)/LionsAndTigers4.app/LionsAndTigers4";
			};
			name = Release;
		};
/* End XCBuildConfiguration section */

/* Begin XCConfigurationList section */
		F9C036C51A686D0D0091FBD7 /* Build configuration list for PBXProject "LionsAndTigers4" */ = {
			isa = XCConfigurationList;
			buildConfigurations = (
				F9C036EB1A686D0D0091FBD7 /* Debug */,
				F9C036EC1A686D0D0091FBD7 /* Release */,
			);
			defaultConfigurationIsVisible = 0;
			defaultConfigurationName = Release;
		};
		F9C036ED1A686D0D0091FBD7 /* Build configuration list for PBXNativeTarget "LionsAndTigers4" */ = {
			isa = XCConfigurationList;
			buildConfigurations = (
				F9C036EE1A686D0D0091FBD7 /* Debug */,
				F9C036EF1A686D0D0091FBD7 /* Release */,
			);
			defaultConfigurationIsVisible = 0;
		};
		F9C036F01A686D0D0091FBD7 /* Build configuration list for PBXNativeTarget "LionsAndTigers4Tests" */ = {
			isa = XCConfigurationList;
			buildConfigurations = (
				F9C036F11A686D0D0091FBD7 /* Debug */,
				F9C036F21A686D0D0091FBD7 /* Release */,
			);
			defaultConfigurationIsVisible = 0;
		};
/* End XCConfigurationList section */
	};
	rootObject = F9C036C21A686D0D0091FBD7 /* Project object */;
}
